// !$*UTF8*$!
{
	archiveVersion = 1;
	classes = {
	};
	objectVersion = 50;
	objects = {

/* Begin PBXBuildFile section */
		B50387DB2651D05300B7E93E /* FilteredLocationList.swift in Sources */ = {isa = PBXBuildFile; fileRef = B50387DA2651D05300B7E93E /* FilteredLocationList.swift */; };
		B50387DC2651D05300B7E93E /* FilteredLocationList.swift in Sources */ = {isa = PBXBuildFile; fileRef = B50387DA2651D05300B7E93E /* FilteredLocationList.swift */; };
		B50387DD2651D05300B7E93E /* FilteredLocationList.swift in Sources */ = {isa = PBXBuildFile; fileRef = B50387DA2651D05300B7E93E /* FilteredLocationList.swift */; };
		B50387DE2651D05300B7E93E /* FilteredLocationList.swift in Sources */ = {isa = PBXBuildFile; fileRef = B50387DA2651D05300B7E93E /* FilteredLocationList.swift */; };
		B50ED9612651FE770070471D /* ReportLoader.swift in Sources */ = {isa = PBXBuildFile; fileRef = B50ED9602651FE770070471D /* ReportLoader.swift */; };
		B50ED963265201E80070471D /* TAF.swift in Sources */ = {isa = PBXBuildFile; fileRef = B50ED962265201E80070471D /* TAF.swift */; };
		B50ED965265201F10070471D /* MOS.swift in Sources */ = {isa = PBXBuildFile; fileRef = B50ED964265201F10070471D /* MOS.swift */; };
		B50ED96B26520C3F0070471D /* ModelTransformer.swift in Sources */ = {isa = PBXBuildFile; fileRef = B50ED96A26520C3F0070471D /* ModelTransformer.swift */; };
		B50ED96C26520C3F0070471D /* ModelTransformer.swift in Sources */ = {isa = PBXBuildFile; fileRef = B50ED96A26520C3F0070471D /* ModelTransformer.swift */; };
		B54281D52651BC5C0002E29F /* LocationRow.swift in Sources */ = {isa = PBXBuildFile; fileRef = B54281D42651BC5C0002E29F /* LocationRow.swift */; };
		B54281D62651BC5C0002E29F /* LocationRow.swift in Sources */ = {isa = PBXBuildFile; fileRef = B54281D42651BC5C0002E29F /* LocationRow.swift */; };
		B54281D72651BC5C0002E29F /* LocationRow.swift in Sources */ = {isa = PBXBuildFile; fileRef = B54281D42651BC5C0002E29F /* LocationRow.swift */; };
		B54281D82651BC5C0002E29F /* LocationRow.swift in Sources */ = {isa = PBXBuildFile; fileRef = B54281D42651BC5C0002E29F /* LocationRow.swift */; };
		B56FDB9A2652BA1C005EE338 /* Formatters.swift in Sources */ = {isa = PBXBuildFile; fileRef = B56FDB992652BA1C005EE338 /* Formatters.swift */; };
		B598AD95265378AF0082924F /* MapView.swift in Sources */ = {isa = PBXBuildFile; fileRef = B598AD94265378AF0082924F /* MapView.swift */; };
		B598AD96265378AF0082924F /* MapView.swift in Sources */ = {isa = PBXBuildFile; fileRef = B598AD94265378AF0082924F /* MapView.swift */; };
		B598AD97265378AF0082924F /* MapView.swift in Sources */ = {isa = PBXBuildFile; fileRef = B598AD94265378AF0082924F /* MapView.swift */; };
		B598AD98265378AF0082924F /* MapView.swift in Sources */ = {isa = PBXBuildFile; fileRef = B598AD94265378AF0082924F /* MapView.swift */; };
		B598AD9A2653792B0082924F /* LocationDetails.swift in Sources */ = {isa = PBXBuildFile; fileRef = B5D6F5022650ABDE001BE027 /* LocationDetails.swift */; };
		B598AD9B2653792B0082924F /* LocationDetails.swift in Sources */ = {isa = PBXBuildFile; fileRef = B5D6F5022650ABDE001BE027 /* LocationDetails.swift */; };
		B598AD9C2653792B0082924F /* LocationDetails.swift in Sources */ = {isa = PBXBuildFile; fileRef = B5D6F5022650ABDE001BE027 /* LocationDetails.swift */; };
		B59D00932651FD1B008041BF /* METAR.swift in Sources */ = {isa = PBXBuildFile; fileRef = B59D00922651FD1B008041BF /* METAR.swift */; };
		B5A02DEA264DE02600F2A71C /* Tests_iOS.swift in Sources */ = {isa = PBXBuildFile; fileRef = B5A02DE9264DE02600F2A71C /* Tests_iOS.swift */; };
		B5A02DF5264DE02600F2A71C /* Tests_macOS.swift in Sources */ = {isa = PBXBuildFile; fileRef = B5A02DF4264DE02600F2A71C /* Tests_macOS.swift */; };
		B5A02DF7264DE02600F2A71C /* BackGround.xcdatamodeld in Sources */ = {isa = PBXBuildFile; fileRef = B5A02DCB264DE02400F2A71C /* BackGround.xcdatamodeld */; };
		B5A02DF8264DE02600F2A71C /* BackGround.xcdatamodeld in Sources */ = {isa = PBXBuildFile; fileRef = B5A02DCB264DE02400F2A71C /* BackGround.xcdatamodeld */; };
		B5A02DF9264DE02600F2A71C /* BackGroundApp.swift in Sources */ = {isa = PBXBuildFile; fileRef = B5A02DCD264DE02400F2A71C /* BackGroundApp.swift */; };
		B5A02DFA264DE02600F2A71C /* BackGroundApp.swift in Sources */ = {isa = PBXBuildFile; fileRef = B5A02DCD264DE02400F2A71C /* BackGroundApp.swift */; };
		B5A02DFB264DE02600F2A71C /* ContentView.swift in Sources */ = {isa = PBXBuildFile; fileRef = B5A02DCE264DE02400F2A71C /* ContentView.swift */; };
		B5A02DFC264DE02600F2A71C /* ContentView.swift in Sources */ = {isa = PBXBuildFile; fileRef = B5A02DCE264DE02400F2A71C /* ContentView.swift */; };
		B5A02DFD264DE02600F2A71C /* Persistence.swift in Sources */ = {isa = PBXBuildFile; fileRef = B5A02DCF264DE02400F2A71C /* Persistence.swift */; };
		B5A02DFE264DE02600F2A71C /* Persistence.swift in Sources */ = {isa = PBXBuildFile; fileRef = B5A02DCF264DE02400F2A71C /* Persistence.swift */; };
		B5A02DFF264DE02600F2A71C /* Assets.xcassets in Resources */ = {isa = PBXBuildFile; fileRef = B5A02DD0264DE02600F2A71C /* Assets.xcassets */; };
		B5A02E00264DE02600F2A71C /* Assets.xcassets in Resources */ = {isa = PBXBuildFile; fileRef = B5A02DD0264DE02600F2A71C /* Assets.xcassets */; };
		B5B2B4DF2651E534005E8EA4 /* CoreDataHelper.swift in Sources */ = {isa = PBXBuildFile; fileRef = B5B2B4DE2651E534005E8EA4 /* CoreDataHelper.swift */; };
		B5CFDF4826539CE900789AF3 /* BackGround.png in Resources */ = {isa = PBXBuildFile; fileRef = B5CFDF4726539CE900789AF3 /* BackGround.png */; };
		B5CFDF4926539CE900789AF3 /* BackGround.png in Resources */ = {isa = PBXBuildFile; fileRef = B5CFDF4726539CE900789AF3 /* BackGround.png */; };
		B5CFDF4A26539CE900789AF3 /* BackGround.png in Resources */ = {isa = PBXBuildFile; fileRef = B5CFDF4726539CE900789AF3 /* BackGround.png */; };
		B5CFDF4B26539CE900789AF3 /* BackGround.png in Resources */ = {isa = PBXBuildFile; fileRef = B5CFDF4726539CE900789AF3 /* BackGround.png */; };
		B5CFDF4D26539D0600789AF3 /* Launch Screen.storyboard in Resources */ = {isa = PBXBuildFile; fileRef = B5CFDF4C26539D0600789AF3 /* Launch Screen.storyboard */; };
		B5CFDF4E26539D0600789AF3 /* Launch Screen.storyboard in Resources */ = {isa = PBXBuildFile; fileRef = B5CFDF4C26539D0600789AF3 /* Launch Screen.storyboard */; };
		B5CFDF4F26539D0600789AF3 /* Launch Screen.storyboard in Resources */ = {isa = PBXBuildFile; fileRef = B5CFDF4C26539D0600789AF3 /* Launch Screen.storyboard */; };
		B5CFDF5026539D0600789AF3 /* Launch Screen.storyboard in Resources */ = {isa = PBXBuildFile; fileRef = B5CFDF4C26539D0600789AF3 /* Launch Screen.storyboard */; };
		B5D6F5032650ABDE001BE027 /* LocationDetails.swift in Sources */ = {isa = PBXBuildFile; fileRef = B5D6F5022650ABDE001BE027 /* LocationDetails.swift */; };
		B5D6F5082650ABF9001BE027 /* LocationsList.swift in Sources */ = {isa = PBXBuildFile; fileRef = B5D6F5072650ABF9001BE027 /* LocationsList.swift */; };
		B5D6F5092650ABF9001BE027 /* LocationsList.swift in Sources */ = {isa = PBXBuildFile; fileRef = B5D6F5072650ABF9001BE027 /* LocationsList.swift */; };
		B5D6F50A2650ABF9001BE027 /* LocationsList.swift in Sources */ = {isa = PBXBuildFile; fileRef = B5D6F5072650ABF9001BE027 /* LocationsList.swift */; };
		B5D6F50B2650ABF9001BE027 /* LocationsList.swift in Sources */ = {isa = PBXBuildFile; fileRef = B5D6F5072650ABF9001BE027 /* LocationsList.swift */; };
		B5D6F5132650B2B4001BE027 /* ReportModel.swift in Sources */ = {isa = PBXBuildFile; fileRef = B5D6F5122650B2B4001BE027 /* ReportModel.swift */; };
		B5D6F5142650B2B4001BE027 /* ReportModel.swift in Sources */ = {isa = PBXBuildFile; fileRef = B5D6F5122650B2B4001BE027 /* ReportModel.swift */; };
		B5D6F5152650B2B4001BE027 /* ReportModel.swift in Sources */ = {isa = PBXBuildFile; fileRef = B5D6F5122650B2B4001BE027 /* ReportModel.swift */; };
		B5D6F5162650B2B4001BE027 /* ReportModel.swift in Sources */ = {isa = PBXBuildFile; fileRef = B5D6F5122650B2B4001BE027 /* ReportModel.swift */; };
		B5D6F5182650B42A001BE027 /* ModelData.swift in Sources */ = {isa = PBXBuildFile; fileRef = B5D6F5172650B42A001BE027 /* ModelData.swift */; };
		B5D6F5192650B42A001BE027 /* ModelData.swift in Sources */ = {isa = PBXBuildFile; fileRef = B5D6F5172650B42A001BE027 /* ModelData.swift */; };
		B5D6F51A2650B42A001BE027 /* ModelData.swift in Sources */ = {isa = PBXBuildFile; fileRef = B5D6F5172650B42A001BE027 /* ModelData.swift */; };
		B5D6F51B2650B42A001BE027 /* ModelData.swift in Sources */ = {isa = PBXBuildFile; fileRef = B5D6F5172650B42A001BE027 /* ModelData.swift */; };
		B5D6F51D2650B495001BE027 /* kpwm-sample.json in Resources */ = {isa = PBXBuildFile; fileRef = B5D6F51C2650B495001BE027 /* kpwm-sample.json */; };
		B5D6F51E2650B495001BE027 /* kpwm-sample.json in Resources */ = {isa = PBXBuildFile; fileRef = B5D6F51C2650B495001BE027 /* kpwm-sample.json */; };
		B5D6F51F2650B495001BE027 /* kpwm-sample.json in Resources */ = {isa = PBXBuildFile; fileRef = B5D6F51C2650B495001BE027 /* kpwm-sample.json */; };
		B5D6F5202650B495001BE027 /* kpwm-sample.json in Resources */ = {isa = PBXBuildFile; fileRef = B5D6F51C2650B495001BE027 /* kpwm-sample.json */; };
		B5D7B93926516516002E2EEF /* LocationBrowser.swift in Sources */ = {isa = PBXBuildFile; fileRef = B5D7B93826516516002E2EEF /* LocationBrowser.swift */; };
		B5D7B93A26516516002E2EEF /* LocationBrowser.swift in Sources */ = {isa = PBXBuildFile; fileRef = B5D7B93826516516002E2EEF /* LocationBrowser.swift */; };
		B5D7B93B26516516002E2EEF /* LocationBrowser.swift in Sources */ = {isa = PBXBuildFile; fileRef = B5D7B93826516516002E2EEF /* LocationBrowser.swift */; };
		B5D7B93C26516516002E2EEF /* LocationBrowser.swift in Sources */ = {isa = PBXBuildFile; fileRef = B5D7B93826516516002E2EEF /* LocationBrowser.swift */; };
/* End PBXBuildFile section */

/* Begin PBXContainerItemProxy section */
		B5A02DE6264DE02600F2A71C /* PBXContainerItemProxy */ = {
			isa = PBXContainerItemProxy;
			containerPortal = B5A02DC6264DE02300F2A71C /* Project object */;
			proxyType = 1;
			remoteGlobalIDString = B5A02DD4264DE02600F2A71C;
			remoteInfo = "BackGround (iOS)";
		};
		B5A02DF1264DE02600F2A71C /* PBXContainerItemProxy */ = {
			isa = PBXContainerItemProxy;
			containerPortal = B5A02DC6264DE02300F2A71C /* Project object */;
			proxyType = 1;
			remoteGlobalIDString = B5A02DDC264DE02600F2A71C;
			remoteInfo = "BackGround (macOS)";
		};
/* End PBXContainerItemProxy section */

/* Begin PBXFileReference section */
		B50387DA2651D05300B7E93E /* FilteredLocationList.swift */ = {isa = PBXFileReference; lastKnownFileType = sourcecode.swift; path = FilteredLocationList.swift; sourceTree = "<group>"; };
		B50ED9602651FE770070471D /* ReportLoader.swift */ = {isa = PBXFileReference; lastKnownFileType = sourcecode.swift; path = ReportLoader.swift; sourceTree = "<group>"; };
		B50ED962265201E80070471D /* TAF.swift */ = {isa = PBXFileReference; lastKnownFileType = sourcecode.swift; path = TAF.swift; sourceTree = "<group>"; };
		B50ED964265201F10070471D /* MOS.swift */ = {isa = PBXFileReference; lastKnownFileType = sourcecode.swift; path = MOS.swift; sourceTree = "<group>"; };
		B50ED96A26520C3F0070471D /* ModelTransformer.swift */ = {isa = PBXFileReference; lastKnownFileType = sourcecode.swift; path = ModelTransformer.swift; sourceTree = "<group>"; };
		B54281D42651BC5C0002E29F /* LocationRow.swift */ = {isa = PBXFileReference; lastKnownFileType = sourcecode.swift; path = LocationRow.swift; sourceTree = "<group>"; };
		B56FDB992652BA1C005EE338 /* Formatters.swift */ = {isa = PBXFileReference; lastKnownFileType = sourcecode.swift; path = Formatters.swift; sourceTree = "<group>"; };
		B598AD94265378AF0082924F /* MapView.swift */ = {isa = PBXFileReference; lastKnownFileType = sourcecode.swift; path = MapView.swift; sourceTree = "<group>"; };
		B59D00922651FD1B008041BF /* METAR.swift */ = {isa = PBXFileReference; lastKnownFileType = sourcecode.swift; path = METAR.swift; sourceTree = "<group>"; };
		B5A02DCC264DE02400F2A71C /* Shared.xcdatamodel */ = {isa = PBXFileReference; lastKnownFileType = wrapper.xcdatamodel; path = Shared.xcdatamodel; sourceTree = "<group>"; };
		B5A02DCD264DE02400F2A71C /* BackGroundApp.swift */ = {isa = PBXFileReference; lastKnownFileType = sourcecode.swift; path = BackGroundApp.swift; sourceTree = "<group>"; };
		B5A02DCE264DE02400F2A71C /* ContentView.swift */ = {isa = PBXFileReference; lastKnownFileType = sourcecode.swift; path = ContentView.swift; sourceTree = "<group>"; };
		B5A02DCF264DE02400F2A71C /* Persistence.swift */ = {isa = PBXFileReference; lastKnownFileType = sourcecode.swift; path = Persistence.swift; sourceTree = "<group>"; };
		B5A02DD0264DE02600F2A71C /* Assets.xcassets */ = {isa = PBXFileReference; lastKnownFileType = folder.assetcatalog; path = Assets.xcassets; sourceTree = "<group>"; };
		B5A02DD5264DE02600F2A71C /* BackGround.app */ = {isa = PBXFileReference; explicitFileType = wrapper.application; includeInIndex = 0; path = BackGround.app; sourceTree = BUILT_PRODUCTS_DIR; };
		B5A02DD8264DE02600F2A71C /* Info.plist */ = {isa = PBXFileReference; lastKnownFileType = text.plist.xml; path = Info.plist; sourceTree = "<group>"; };
		B5A02DDD264DE02600F2A71C /* BackGround.app */ = {isa = PBXFileReference; explicitFileType = wrapper.application; includeInIndex = 0; path = BackGround.app; sourceTree = BUILT_PRODUCTS_DIR; };
		B5A02DDF264DE02600F2A71C /* Info.plist */ = {isa = PBXFileReference; lastKnownFileType = text.plist.xml; path = Info.plist; sourceTree = "<group>"; };
		B5A02DE0264DE02600F2A71C /* macOS.entitlements */ = {isa = PBXFileReference; lastKnownFileType = text.plist.entitlements; path = macOS.entitlements; sourceTree = "<group>"; };
		B5A02DE5264DE02600F2A71C /* Tests iOS.xctest */ = {isa = PBXFileReference; explicitFileType = wrapper.cfbundle; includeInIndex = 0; path = "Tests iOS.xctest"; sourceTree = BUILT_PRODUCTS_DIR; };
		B5A02DE9264DE02600F2A71C /* Tests_iOS.swift */ = {isa = PBXFileReference; lastKnownFileType = sourcecode.swift; path = Tests_iOS.swift; sourceTree = "<group>"; };
		B5A02DEB264DE02600F2A71C /* Info.plist */ = {isa = PBXFileReference; lastKnownFileType = text.plist.xml; path = Info.plist; sourceTree = "<group>"; };
		B5A02DF0264DE02600F2A71C /* Tests macOS.xctest */ = {isa = PBXFileReference; explicitFileType = wrapper.cfbundle; includeInIndex = 0; path = "Tests macOS.xctest"; sourceTree = BUILT_PRODUCTS_DIR; };
		B5A02DF4264DE02600F2A71C /* Tests_macOS.swift */ = {isa = PBXFileReference; lastKnownFileType = sourcecode.swift; path = Tests_macOS.swift; sourceTree = "<group>"; };
		B5A02DF6264DE02600F2A71C /* Info.plist */ = {isa = PBXFileReference; lastKnownFileType = text.plist.xml; path = Info.plist; sourceTree = "<group>"; };
		B5B2B4DE2651E534005E8EA4 /* CoreDataHelper.swift */ = {isa = PBXFileReference; lastKnownFileType = sourcecode.swift; path = CoreDataHelper.swift; sourceTree = "<group>"; };
		B5CFDF4726539CE900789AF3 /* BackGround.png */ = {isa = PBXFileReference; lastKnownFileType = image.png; path = BackGround.png; sourceTree = "<group>"; };
		B5CFDF4C26539D0600789AF3 /* Launch Screen.storyboard */ = {isa = PBXFileReference; lastKnownFileType = file.storyboard; path = "Launch Screen.storyboard"; sourceTree = "<group>"; };
		B5D6F5022650ABDE001BE027 /* LocationDetails.swift */ = {isa = PBXFileReference; lastKnownFileType = sourcecode.swift; path = LocationDetails.swift; sourceTree = "<group>"; };
		B5D6F5072650ABF9001BE027 /* LocationsList.swift */ = {isa = PBXFileReference; lastKnownFileType = sourcecode.swift; path = LocationsList.swift; sourceTree = "<group>"; };
		B5D6F5122650B2B4001BE027 /* ReportModel.swift */ = {isa = PBXFileReference; lastKnownFileType = sourcecode.swift; path = ReportModel.swift; sourceTree = "<group>"; };
		B5D6F5172650B42A001BE027 /* ModelData.swift */ = {isa = PBXFileReference; lastKnownFileType = sourcecode.swift; path = ModelData.swift; sourceTree = "<group>"; };
		B5D6F51C2650B495001BE027 /* kpwm-sample.json */ = {isa = PBXFileReference; lastKnownFileType = text.json; path = "kpwm-sample.json"; sourceTree = "<group>"; };
		B5D7B93826516516002E2EEF /* LocationBrowser.swift */ = {isa = PBXFileReference; lastKnownFileType = sourcecode.swift; path = LocationBrowser.swift; sourceTree = "<group>"; };
/* End PBXFileReference section */

/* Begin PBXFrameworksBuildPhase section */
		B5A02DD2264DE02600F2A71C /* Frameworks */ = {
			isa = PBXFrameworksBuildPhase;
			buildActionMask = 2147483647;
			files = (
			);
			runOnlyForDeploymentPostprocessing = 0;
		};
		B5A02DDA264DE02600F2A71C /* Frameworks */ = {
			isa = PBXFrameworksBuildPhase;
			buildActionMask = 2147483647;
			files = (
			);
			runOnlyForDeploymentPostprocessing = 0;
		};
		B5A02DE2264DE02600F2A71C /* Frameworks */ = {
			isa = PBXFrameworksBuildPhase;
			buildActionMask = 2147483647;
			files = (
			);
			runOnlyForDeploymentPostprocessing = 0;
		};
		B5A02DED264DE02600F2A71C /* Frameworks */ = {
			isa = PBXFrameworksBuildPhase;
			buildActionMask = 2147483647;
			files = (
			);
			runOnlyForDeploymentPostprocessing = 0;
		};
/* End PBXFrameworksBuildPhase section */

/* Begin PBXGroup section */
		B50387DF2651D07000B7E93E /* List */ = {
			isa = PBXGroup;
			children = (
				B5D6F5072650ABF9001BE027 /* LocationsList.swift */,
				B50387DA2651D05300B7E93E /* FilteredLocationList.swift */,
				B54281D42651BC5C0002E29F /* LocationRow.swift */,
			);
			path = List;
			sourceTree = "<group>";
		};
		B598AD99265379190082924F /* Details */ = {
			isa = PBXGroup;
			children = (
				B5D6F5022650ABDE001BE027 /* LocationDetails.swift */,
				B598AD94265378AF0082924F /* MapView.swift */,
			);
			path = Details;
			sourceTree = "<group>";
		};
		B59D00912651FD00008041BF /* Reports */ = {
			isa = PBXGroup;
			children = (
				B59D00922651FD1B008041BF /* METAR.swift */,
				B50ED962265201E80070471D /* TAF.swift */,
				B50ED964265201F10070471D /* MOS.swift */,
			);
			path = Reports;
			sourceTree = "<group>";
		};
		B5A02DC5264DE02300F2A71C = {
			isa = PBXGroup;
			children = (
				B5A02DCA264DE02400F2A71C /* Shared */,
				B5A02DD7264DE02600F2A71C /* iOS */,
				B5A02DDE264DE02600F2A71C /* macOS */,
				B5A02DE8264DE02600F2A71C /* Tests iOS */,
				B5A02DF3264DE02600F2A71C /* Tests macOS */,
				B5A02DD6264DE02600F2A71C /* Products */,
			);
			sourceTree = "<group>";
		};
		B5A02DCA264DE02400F2A71C /* Shared */ = {
			isa = PBXGroup;
			children = (
				B5A02DCD264DE02400F2A71C /* BackGroundApp.swift */,
				B5B2B4DD2651E513005E8EA4 /* Helpers */,
				B5D6F4FB264E2195001BE027 /* Model */,
				B5D6F4FC264E219E001BE027 /* Resources */,
				B5D6F4FA264E2189001BE027 /* Views */,
				B5A02DCF264DE02400F2A71C /* Persistence.swift */,
				B5A02DD0264DE02600F2A71C /* Assets.xcassets */,
				B5A02DCB264DE02400F2A71C /* BackGround.xcdatamodeld */,
			);
			path = Shared;
			sourceTree = "<group>";
		};
		B5A02DD6264DE02600F2A71C /* Products */ = {
			isa = PBXGroup;
			children = (
				B5A02DD5264DE02600F2A71C /* BackGround.app */,
				B5A02DDD264DE02600F2A71C /* BackGround.app */,
				B5A02DE5264DE02600F2A71C /* Tests iOS.xctest */,
				B5A02DF0264DE02600F2A71C /* Tests macOS.xctest */,
			);
			name = Products;
			sourceTree = "<group>";
		};
		B5A02DD7264DE02600F2A71C /* iOS */ = {
			isa = PBXGroup;
			children = (
				B5A02DD8264DE02600F2A71C /* Info.plist */,
			);
			path = iOS;
			sourceTree = "<group>";
		};
		B5A02DDE264DE02600F2A71C /* macOS */ = {
			isa = PBXGroup;
			children = (
				B5A02DDF264DE02600F2A71C /* Info.plist */,
				B5A02DE0264DE02600F2A71C /* macOS.entitlements */,
			);
			path = macOS;
			sourceTree = "<group>";
		};
		B5A02DE8264DE02600F2A71C /* Tests iOS */ = {
			isa = PBXGroup;
			children = (
				B5A02DE9264DE02600F2A71C /* Tests_iOS.swift */,
				B5A02DEB264DE02600F2A71C /* Info.plist */,
			);
			path = "Tests iOS";
			sourceTree = "<group>";
		};
		B5A02DF3264DE02600F2A71C /* Tests macOS */ = {
			isa = PBXGroup;
			children = (
				B5A02DF4264DE02600F2A71C /* Tests_macOS.swift */,
				B5A02DF6264DE02600F2A71C /* Info.plist */,
			);
			path = "Tests macOS";
			sourceTree = "<group>";
		};
		B5B2B4DD2651E513005E8EA4 /* Helpers */ = {
			isa = PBXGroup;
			children = (
				B5B2B4DE2651E534005E8EA4 /* CoreDataHelper.swift */,
				B50ED9602651FE770070471D /* ReportLoader.swift */,
			);
			path = Helpers;
			sourceTree = "<group>";
		};
		B5D6F4FA264E2189001BE027 /* Views */ = {
			isa = PBXGroup;
			children = (
				B5A02DCE264DE02400F2A71C /* ContentView.swift */,
				B50387DF2651D07000B7E93E /* List */,
				B59D00912651FD00008041BF /* Reports */,
				B598AD99265379190082924F /* Details */,
				B5D7B93826516516002E2EEF /* LocationBrowser.swift */,
			);
			path = Views;
			sourceTree = "<group>";
		};
		B5D6F4FB264E2195001BE027 /* Model */ = {
			isa = PBXGroup;
			children = (
				B5D6F5122650B2B4001BE027 /* ReportModel.swift */,
				B5D6F5172650B42A001BE027 /* ModelData.swift */,
				B50ED96A26520C3F0070471D /* ModelTransformer.swift */,
				B56FDB992652BA1C005EE338 /* Formatters.swift */,
			);
			path = Model;
			sourceTree = "<group>";
		};
		B5D6F4FC264E219E001BE027 /* Resources */ = {
			isa = PBXGroup;
			children = (
				B5CFDF4726539CE900789AF3 /* BackGround.png */,
				B5D6F51C2650B495001BE027 /* kpwm-sample.json */,
				B5CFDF4C26539D0600789AF3 /* Launch Screen.storyboard */,
			);
			path = Resources;
			sourceTree = "<group>";
		};
/* End PBXGroup section */

/* Begin PBXNativeTarget section */
		B5A02DD4264DE02600F2A71C /* BackGround (iOS) */ = {
			isa = PBXNativeTarget;
			buildConfigurationList = B5A02E03264DE02600F2A71C /* Build configuration list for PBXNativeTarget "BackGround (iOS)" */;
			buildPhases = (
				B5A02DD1264DE02600F2A71C /* Sources */,
				B5A02DD2264DE02600F2A71C /* Frameworks */,
				B5A02DD3264DE02600F2A71C /* Resources */,
			);
			buildRules = (
			);
			dependencies = (
			);
			name = "BackGround (iOS)";
			productName = "BackGround (iOS)";
			productReference = B5A02DD5264DE02600F2A71C /* BackGround.app */;
			productType = "com.apple.product-type.application";
		};
		B5A02DDC264DE02600F2A71C /* BackGround (macOS) */ = {
			isa = PBXNativeTarget;
			buildConfigurationList = B5A02E06264DE02600F2A71C /* Build configuration list for PBXNativeTarget "BackGround (macOS)" */;
			buildPhases = (
				B5A02DD9264DE02600F2A71C /* Sources */,
				B5A02DDA264DE02600F2A71C /* Frameworks */,
				B5A02DDB264DE02600F2A71C /* Resources */,
			);
			buildRules = (
			);
			dependencies = (
			);
			name = "BackGround (macOS)";
			productName = "BackGround (macOS)";
			productReference = B5A02DDD264DE02600F2A71C /* BackGround.app */;
			productType = "com.apple.product-type.application";
		};
		B5A02DE4264DE02600F2A71C /* Tests iOS */ = {
			isa = PBXNativeTarget;
			buildConfigurationList = B5A02E09264DE02600F2A71C /* Build configuration list for PBXNativeTarget "Tests iOS" */;
			buildPhases = (
				B5A02DE1264DE02600F2A71C /* Sources */,
				B5A02DE2264DE02600F2A71C /* Frameworks */,
				B5A02DE3264DE02600F2A71C /* Resources */,
			);
			buildRules = (
			);
			dependencies = (
				B5A02DE7264DE02600F2A71C /* PBXTargetDependency */,
			);
			name = "Tests iOS";
			productName = "Tests iOS";
			productReference = B5A02DE5264DE02600F2A71C /* Tests iOS.xctest */;
			productType = "com.apple.product-type.bundle.ui-testing";
		};
		B5A02DEF264DE02600F2A71C /* Tests macOS */ = {
			isa = PBXNativeTarget;
			buildConfigurationList = B5A02E0C264DE02600F2A71C /* Build configuration list for PBXNativeTarget "Tests macOS" */;
			buildPhases = (
				B5A02DEC264DE02600F2A71C /* Sources */,
				B5A02DED264DE02600F2A71C /* Frameworks */,
				B5A02DEE264DE02600F2A71C /* Resources */,
			);
			buildRules = (
			);
			dependencies = (
				B5A02DF2264DE02600F2A71C /* PBXTargetDependency */,
			);
			name = "Tests macOS";
			productName = "Tests macOS";
			productReference = B5A02DF0264DE02600F2A71C /* Tests macOS.xctest */;
			productType = "com.apple.product-type.bundle.ui-testing";
		};
/* End PBXNativeTarget section */

/* Begin PBXProject section */
		B5A02DC6264DE02300F2A71C /* Project object */ = {
			isa = PBXProject;
			attributes = {
				LastSwiftUpdateCheck = 1250;
				LastUpgradeCheck = 1250;
				TargetAttributes = {
					B5A02DD4264DE02600F2A71C = {
						CreatedOnToolsVersion = 12.5;
					};
					B5A02DDC264DE02600F2A71C = {
						CreatedOnToolsVersion = 12.5;
					};
					B5A02DE4264DE02600F2A71C = {
						CreatedOnToolsVersion = 12.5;
						TestTargetID = B5A02DD4264DE02600F2A71C;
					};
					B5A02DEF264DE02600F2A71C = {
						CreatedOnToolsVersion = 12.5;
						TestTargetID = B5A02DDC264DE02600F2A71C;
					};
				};
			};
			buildConfigurationList = B5A02DC9264DE02300F2A71C /* Build configuration list for PBXProject "BackGround" */;
			compatibilityVersion = "Xcode 9.3";
			developmentRegion = en;
			hasScannedForEncodings = 0;
			knownRegions = (
				en,
				Base,
			);
			mainGroup = B5A02DC5264DE02300F2A71C;
			productRefGroup = B5A02DD6264DE02600F2A71C /* Products */;
			projectDirPath = "";
			projectRoot = "";
			targets = (
				B5A02DD4264DE02600F2A71C /* BackGround (iOS) */,
				B5A02DDC264DE02600F2A71C /* BackGround (macOS) */,
				B5A02DE4264DE02600F2A71C /* Tests iOS */,
				B5A02DEF264DE02600F2A71C /* Tests macOS */,
			);
		};
/* End PBXProject section */

/* Begin PBXResourcesBuildPhase section */
		B5A02DD3264DE02600F2A71C /* Resources */ = {
			isa = PBXResourcesBuildPhase;
			buildActionMask = 2147483647;
			files = (
				B5D6F51D2650B495001BE027 /* kpwm-sample.json in Resources */,
				B5CFDF4826539CE900789AF3 /* BackGround.png in Resources */,
				B5CFDF4D26539D0600789AF3 /* Launch Screen.storyboard in Resources */,
				B5A02DFF264DE02600F2A71C /* Assets.xcassets in Resources */,
			);
			runOnlyForDeploymentPostprocessing = 0;
		};
		B5A02DDB264DE02600F2A71C /* Resources */ = {
			isa = PBXResourcesBuildPhase;
			buildActionMask = 2147483647;
			files = (
				B5D6F51E2650B495001BE027 /* kpwm-sample.json in Resources */,
				B5CFDF4926539CE900789AF3 /* BackGround.png in Resources */,
				B5CFDF4E26539D0600789AF3 /* Launch Screen.storyboard in Resources */,
				B5A02E00264DE02600F2A71C /* Assets.xcassets in Resources */,
			);
			runOnlyForDeploymentPostprocessing = 0;
		};
		B5A02DE3264DE02600F2A71C /* Resources */ = {
			isa = PBXResourcesBuildPhase;
			buildActionMask = 2147483647;
			files = (
				B5CFDF4F26539D0600789AF3 /* Launch Screen.storyboard in Resources */,
				B5D6F51F2650B495001BE027 /* kpwm-sample.json in Resources */,
				B5CFDF4A26539CE900789AF3 /* BackGround.png in Resources */,
			);
			runOnlyForDeploymentPostprocessing = 0;
		};
		B5A02DEE264DE02600F2A71C /* Resources */ = {
			isa = PBXResourcesBuildPhase;
			buildActionMask = 2147483647;
			files = (
				B5CFDF5026539D0600789AF3 /* Launch Screen.storyboard in Resources */,
				B5D6F5202650B495001BE027 /* kpwm-sample.json in Resources */,
				B5CFDF4B26539CE900789AF3 /* BackGround.png in Resources */,
			);
			runOnlyForDeploymentPostprocessing = 0;
		};
/* End PBXResourcesBuildPhase section */

/* Begin PBXSourcesBuildPhase section */
		B5A02DD1264DE02600F2A71C /* Sources */ = {
			isa = PBXSourcesBuildPhase;
			buildActionMask = 2147483647;
			files = (
				B5A02DF7264DE02600F2A71C /* BackGround.xcdatamodeld in Sources */,
				B5A02DFD264DE02600F2A71C /* Persistence.swift in Sources */,
				B5A02DF9264DE02600F2A71C /* BackGroundApp.swift in Sources */,
				B50ED965265201F10070471D /* MOS.swift in Sources */,
				B50ED96B26520C3F0070471D /* ModelTransformer.swift in Sources */,
				B5D6F5082650ABF9001BE027 /* LocationsList.swift in Sources */,
				B5D6F5032650ABDE001BE027 /* LocationDetails.swift in Sources */,
				B5D6F5182650B42A001BE027 /* ModelData.swift in Sources */,
				B50ED9612651FE770070471D /* ReportLoader.swift in Sources */,
				B5B2B4DF2651E534005E8EA4 /* CoreDataHelper.swift in Sources */,
				B5A02DFB264DE02600F2A71C /* ContentView.swift in Sources */,
				B50387DB2651D05300B7E93E /* FilteredLocationList.swift in Sources */,
				B56FDB9A2652BA1C005EE338 /* Formatters.swift in Sources */,
				B5D7B93926516516002E2EEF /* LocationBrowser.swift in Sources */,
				B5D6F5132650B2B4001BE027 /* ReportModel.swift in Sources */,
				B598AD95265378AF0082924F /* MapView.swift in Sources */,
				B59D00932651FD1B008041BF /* METAR.swift in Sources */,
				B50ED963265201E80070471D /* TAF.swift in Sources */,
				B54281D52651BC5C0002E29F /* LocationRow.swift in Sources */,
			);
			runOnlyForDeploymentPostprocessing = 0;
		};
		B5A02DD9264DE02600F2A71C /* Sources */ = {
			isa = PBXSourcesBuildPhase;
			buildActionMask = 2147483647;
			files = (
				B5A02DF8264DE02600F2A71C /* BackGround.xcdatamodeld in Sources */,
				B5A02DFE264DE02600F2A71C /* Persistence.swift in Sources */,
				B5A02DFA264DE02600F2A71C /* BackGroundApp.swift in Sources */,
				B598AD9B2653792B0082924F /* LocationDetails.swift in Sources */,
				B598AD96265378AF0082924F /* MapView.swift in Sources */,
				B5D6F5092650ABF9001BE027 /* LocationsList.swift in Sources */,
				B5D6F5192650B42A001BE027 /* ModelData.swift in Sources */,
				B5A02DFC264DE02600F2A71C /* ContentView.swift in Sources */,
				B50387DC2651D05300B7E93E /* FilteredLocationList.swift in Sources */,
				B5D7B93A26516516002E2EEF /* LocationBrowser.swift in Sources */,
				B5D6F5142650B2B4001BE027 /* ReportModel.swift in Sources */,
				B54281D62651BC5C0002E29F /* LocationRow.swift in Sources */,
			);
			runOnlyForDeploymentPostprocessing = 0;
		};
		B5A02DE1264DE02600F2A71C /* Sources */ = {
			isa = PBXSourcesBuildPhase;
			buildActionMask = 2147483647;
			files = (
				B5D6F50A2650ABF9001BE027 /* LocationsList.swift in Sources */,
				B598AD9C2653792B0082924F /* LocationDetails.swift in Sources */,
				B50387DD2651D05300B7E93E /* FilteredLocationList.swift in Sources */,
				B5D7B93B26516516002E2EEF /* LocationBrowser.swift in Sources */,
				B5A02DEA264DE02600F2A71C /* Tests_iOS.swift in Sources */,
				B5D6F51A2650B42A001BE027 /* ModelData.swift in Sources */,
				B50ED96C26520C3F0070471D /* ModelTransformer.swift in Sources */,
				B54281D72651BC5C0002E29F /* LocationRow.swift in Sources */,
				B598AD97265378AF0082924F /* MapView.swift in Sources */,
				B5D6F5152650B2B4001BE027 /* ReportModel.swift in Sources */,
			);
			runOnlyForDeploymentPostprocessing = 0;
		};
		B5A02DEC264DE02600F2A71C /* Sources */ = {
			isa = PBXSourcesBuildPhase;
			buildActionMask = 2147483647;
			files = (
				B5D6F50B2650ABF9001BE027 /* LocationsList.swift in Sources */,
				B598AD98265378AF0082924F /* MapView.swift in Sources */,
				B50387DE2651D05300B7E93E /* FilteredLocationList.swift in Sources */,
				B5D7B93C26516516002E2EEF /* LocationBrowser.swift in Sources */,
				B5A02DF5264DE02600F2A71C /* Tests_macOS.swift in Sources */,
				B5D6F51B2650B42A001BE027 /* ModelData.swift in Sources */,
				B598AD9A2653792B0082924F /* LocationDetails.swift in Sources */,
				B54281D82651BC5C0002E29F /* LocationRow.swift in Sources */,
				B5D6F5162650B2B4001BE027 /* ReportModel.swift in Sources */,
			);
			runOnlyForDeploymentPostprocessing = 0;
		};
/* End PBXSourcesBuildPhase section */

/* Begin PBXTargetDependency section */
		B5A02DE7264DE02600F2A71C /* PBXTargetDependency */ = {
			isa = PBXTargetDependency;
			target = B5A02DD4264DE02600F2A71C /* BackGround (iOS) */;
			targetProxy = B5A02DE6264DE02600F2A71C /* PBXContainerItemProxy */;
		};
		B5A02DF2264DE02600F2A71C /* PBXTargetDependency */ = {
			isa = PBXTargetDependency;
			target = B5A02DDC264DE02600F2A71C /* BackGround (macOS) */;
			targetProxy = B5A02DF1264DE02600F2A71C /* PBXContainerItemProxy */;
		};
/* End PBXTargetDependency section */

/* Begin XCBuildConfiguration section */
		B5A02E01264DE02600F2A71C /* Debug */ = {
			isa = XCBuildConfiguration;
			buildSettings = {
				ALWAYS_SEARCH_USER_PATHS = NO;
				CLANG_ANALYZER_NONNULL = YES;
				CLANG_ANALYZER_NUMBER_OBJECT_CONVERSION = YES_AGGRESSIVE;
				CLANG_CXX_LANGUAGE_STANDARD = "gnu++14";
				CLANG_CXX_LIBRARY = "libc++";
				CLANG_ENABLE_MODULES = YES;
				CLANG_ENABLE_OBJC_ARC = YES;
				CLANG_ENABLE_OBJC_WEAK = YES;
				CLANG_WARN_BLOCK_CAPTURE_AUTORELEASING = YES;
				CLANG_WARN_BOOL_CONVERSION = YES;
				CLANG_WARN_COMMA = YES;
				CLANG_WARN_CONSTANT_CONVERSION = YES;
				CLANG_WARN_DEPRECATED_OBJC_IMPLEMENTATIONS = YES;
				CLANG_WARN_DIRECT_OBJC_ISA_USAGE = YES_ERROR;
				CLANG_WARN_DOCUMENTATION_COMMENTS = YES;
				CLANG_WARN_EMPTY_BODY = YES;
				CLANG_WARN_ENUM_CONVERSION = YES;
				CLANG_WARN_INFINITE_RECURSION = YES;
				CLANG_WARN_INT_CONVERSION = YES;
				CLANG_WARN_NON_LITERAL_NULL_CONVERSION = YES;
				CLANG_WARN_OBJC_IMPLICIT_RETAIN_SELF = YES;
				CLANG_WARN_OBJC_LITERAL_CONVERSION = YES;
				CLANG_WARN_OBJC_ROOT_CLASS = YES_ERROR;
				CLANG_WARN_QUOTED_INCLUDE_IN_FRAMEWORK_HEADER = YES;
				CLANG_WARN_RANGE_LOOP_ANALYSIS = YES;
				CLANG_WARN_STRICT_PROTOTYPES = YES;
				CLANG_WARN_SUSPICIOUS_MOVE = YES;
				CLANG_WARN_UNGUARDED_AVAILABILITY = YES_AGGRESSIVE;
				CLANG_WARN_UNREACHABLE_CODE = YES;
				CLANG_WARN__DUPLICATE_METHOD_MATCH = YES;
				COPY_PHASE_STRIP = NO;
				DEBUG_INFORMATION_FORMAT = dwarf;
				ENABLE_STRICT_OBJC_MSGSEND = YES;
				ENABLE_TESTABILITY = YES;
				GCC_C_LANGUAGE_STANDARD = gnu11;
				GCC_DYNAMIC_NO_PIC = NO;
				GCC_NO_COMMON_BLOCKS = YES;
				GCC_OPTIMIZATION_LEVEL = 0;
				GCC_PREPROCESSOR_DEFINITIONS = (
					"DEBUG=1",
					"$(inherited)",
				);
				GCC_WARN_64_TO_32_BIT_CONVERSION = YES;
				GCC_WARN_ABOUT_RETURN_TYPE = YES_ERROR;
				GCC_WARN_UNDECLARED_SELECTOR = YES;
				GCC_WARN_UNINITIALIZED_AUTOS = YES_AGGRESSIVE;
				GCC_WARN_UNUSED_FUNCTION = YES;
				GCC_WARN_UNUSED_VARIABLE = YES;
				MTL_ENABLE_DEBUG_INFO = INCLUDE_SOURCE;
				MTL_FAST_MATH = YES;
				ONLY_ACTIVE_ARCH = YES;
				SWIFT_ACTIVE_COMPILATION_CONDITIONS = DEBUG;
				SWIFT_OPTIMIZATION_LEVEL = "-Onone";
			};
			name = Debug;
		};
		B5A02E02264DE02600F2A71C /* Release */ = {
			isa = XCBuildConfiguration;
			buildSettings = {
				ALWAYS_SEARCH_USER_PATHS = NO;
				CLANG_ANALYZER_NONNULL = YES;
				CLANG_ANALYZER_NUMBER_OBJECT_CONVERSION = YES_AGGRESSIVE;
				CLANG_CXX_LANGUAGE_STANDARD = "gnu++14";
				CLANG_CXX_LIBRARY = "libc++";
				CLANG_ENABLE_MODULES = YES;
				CLANG_ENABLE_OBJC_ARC = YES;
				CLANG_ENABLE_OBJC_WEAK = YES;
				CLANG_WARN_BLOCK_CAPTURE_AUTORELEASING = YES;
				CLANG_WARN_BOOL_CONVERSION = YES;
				CLANG_WARN_COMMA = YES;
				CLANG_WARN_CONSTANT_CONVERSION = YES;
				CLANG_WARN_DEPRECATED_OBJC_IMPLEMENTATIONS = YES;
				CLANG_WARN_DIRECT_OBJC_ISA_USAGE = YES_ERROR;
				CLANG_WARN_DOCUMENTATION_COMMENTS = YES;
				CLANG_WARN_EMPTY_BODY = YES;
				CLANG_WARN_ENUM_CONVERSION = YES;
				CLANG_WARN_INFINITE_RECURSION = YES;
				CLANG_WARN_INT_CONVERSION = YES;
				CLANG_WARN_NON_LITERAL_NULL_CONVERSION = YES;
				CLANG_WARN_OBJC_IMPLICIT_RETAIN_SELF = YES;
				CLANG_WARN_OBJC_LITERAL_CONVERSION = YES;
				CLANG_WARN_OBJC_ROOT_CLASS = YES_ERROR;
				CLANG_WARN_QUOTED_INCLUDE_IN_FRAMEWORK_HEADER = YES;
				CLANG_WARN_RANGE_LOOP_ANALYSIS = YES;
				CLANG_WARN_STRICT_PROTOTYPES = YES;
				CLANG_WARN_SUSPICIOUS_MOVE = YES;
				CLANG_WARN_UNGUARDED_AVAILABILITY = YES_AGGRESSIVE;
				CLANG_WARN_UNREACHABLE_CODE = YES;
				CLANG_WARN__DUPLICATE_METHOD_MATCH = YES;
				COPY_PHASE_STRIP = NO;
				DEBUG_INFORMATION_FORMAT = "dwarf-with-dsym";
				ENABLE_NS_ASSERTIONS = NO;
				ENABLE_STRICT_OBJC_MSGSEND = YES;
				GCC_C_LANGUAGE_STANDARD = gnu11;
				GCC_NO_COMMON_BLOCKS = YES;
				GCC_WARN_64_TO_32_BIT_CONVERSION = YES;
				GCC_WARN_ABOUT_RETURN_TYPE = YES_ERROR;
				GCC_WARN_UNDECLARED_SELECTOR = YES;
				GCC_WARN_UNINITIALIZED_AUTOS = YES_AGGRESSIVE;
				GCC_WARN_UNUSED_FUNCTION = YES;
				GCC_WARN_UNUSED_VARIABLE = YES;
				MTL_ENABLE_DEBUG_INFO = NO;
				MTL_FAST_MATH = YES;
				SWIFT_COMPILATION_MODE = wholemodule;
				SWIFT_OPTIMIZATION_LEVEL = "-O";
			};
			name = Release;
		};
		B5A02E04264DE02600F2A71C /* Debug */ = {
			isa = XCBuildConfiguration;
			buildSettings = {
				ASSETCATALOG_COMPILER_APPICON_NAME = AppIcon;
				ASSETCATALOG_COMPILER_GLOBAL_ACCENT_COLOR_NAME = AccentColor;
				CODE_SIGN_STYLE = Automatic;
				DEVELOPMENT_TEAM = UL45NVW7V6;
				ENABLE_PREVIEWS = YES;
				INFOPLIST_FILE = iOS/Info.plist;
				IPHONEOS_DEPLOYMENT_TARGET = 14.0;
				LD_RUNPATH_SEARCH_PATHS = (
					"$(inherited)",
					"@executable_path/Frameworks",
				);
				PRODUCT_BUNDLE_IDENTIFIER = app.mattgoodrich.BackGround;
				PRODUCT_NAME = BackGround;
				SDKROOT = iphoneos;
				SWIFT_VERSION = 5.0;
				TARGETED_DEVICE_FAMILY = "1,2";
			};
			name = Debug;
		};
		B5A02E05264DE02600F2A71C /* Release */ = {
			isa = XCBuildConfiguration;
			buildSettings = {
				ASSETCATALOG_COMPILER_APPICON_NAME = AppIcon;
				ASSETCATALOG_COMPILER_GLOBAL_ACCENT_COLOR_NAME = AccentColor;
				CODE_SIGN_STYLE = Automatic;
				DEVELOPMENT_TEAM = UL45NVW7V6;
				ENABLE_PREVIEWS = YES;
				INFOPLIST_FILE = iOS/Info.plist;
				IPHONEOS_DEPLOYMENT_TARGET = 14.0;
				LD_RUNPATH_SEARCH_PATHS = (
					"$(inherited)",
					"@executable_path/Frameworks",
				);
				PRODUCT_BUNDLE_IDENTIFIER = app.mattgoodrich.BackGround;
				PRODUCT_NAME = BackGround;
				SDKROOT = iphoneos;
				SWIFT_VERSION = 5.0;
				TARGETED_DEVICE_FAMILY = "1,2";
				VALIDATE_PRODUCT = YES;
			};
			name = Release;
		};
		B5A02E07264DE02600F2A71C /* Debug */ = {
			isa = XCBuildConfiguration;
			buildSettings = {
				ASSETCATALOG_COMPILER_APPICON_NAME = AppIcon;
				ASSETCATALOG_COMPILER_GLOBAL_ACCENT_COLOR_NAME = AccentColor;
				CODE_SIGN_ENTITLEMENTS = macOS/macOS.entitlements;
				CODE_SIGN_STYLE = Automatic;
				COMBINE_HIDPI_IMAGES = YES;
				DEVELOPMENT_TEAM = UL45NVW7V6;
				ENABLE_HARDENED_RUNTIME = YES;
				ENABLE_PREVIEWS = YES;
				INFOPLIST_FILE = macOS/Info.plist;
				LD_RUNPATH_SEARCH_PATHS = (
					"$(inherited)",
					"@executable_path/../Frameworks",
				);
				MACOSX_DEPLOYMENT_TARGET = 11.0;
				PRODUCT_BUNDLE_IDENTIFIER = app.mattgoodrich.BackGround;
				PRODUCT_NAME = BackGround;
				SDKROOT = macosx;
				SWIFT_VERSION = 5.0;
			};
			name = Debug;
		};
		B5A02E08264DE02600F2A71C /* Release */ = {
			isa = XCBuildConfiguration;
			buildSettings = {
				ASSETCATALOG_COMPILER_APPICON_NAME = AppIcon;
				ASSETCATALOG_COMPILER_GLOBAL_ACCENT_COLOR_NAME = AccentColor;
				CODE_SIGN_ENTITLEMENTS = macOS/macOS.entitlements;
				CODE_SIGN_STYLE = Automatic;
				COMBINE_HIDPI_IMAGES = YES;
				DEVELOPMENT_TEAM = UL45NVW7V6;
				ENABLE_HARDENED_RUNTIME = YES;
				ENABLE_PREVIEWS = YES;
				INFOPLIST_FILE = macOS/Info.plist;
				LD_RUNPATH_SEARCH_PATHS = (
					"$(inherited)",
					"@executable_path/../Frameworks",
				);
				MACOSX_DEPLOYMENT_TARGET = 11.0;
				PRODUCT_BUNDLE_IDENTIFIER = app.mattgoodrich.BackGround;
				PRODUCT_NAME = BackGround;
				SDKROOT = macosx;
				SWIFT_VERSION = 5.0;
			};
			name = Release;
		};
		B5A02E0A264DE02600F2A71C /* Debug */ = {
			isa = XCBuildConfiguration;
			buildSettings = {
				ALWAYS_EMBED_SWIFT_STANDARD_LIBRARIES = YES;
				CODE_SIGN_STYLE = Automatic;
				DEVELOPMENT_TEAM = UL45NVW7V6;
				INFOPLIST_FILE = "Tests iOS/Info.plist";
				IPHONEOS_DEPLOYMENT_TARGET = 14.5;
				LD_RUNPATH_SEARCH_PATHS = (
					"$(inherited)",
					"@executable_path/Frameworks",
					"@loader_path/Frameworks",
				);
				PRODUCT_BUNDLE_IDENTIFIER = "app.mattgoodrich.Tests-iOS";
				PRODUCT_NAME = "$(TARGET_NAME)";
				SDKROOT = iphoneos;
				SWIFT_VERSION = 5.0;
				TARGETED_DEVICE_FAMILY = "1,2";
				TEST_TARGET_NAME = "BackGround (iOS)";
			};
			name = Debug;
		};
		B5A02E0B264DE02600F2A71C /* Release */ = {
			isa = XCBuildConfiguration;
			buildSettings = {
				ALWAYS_EMBED_SWIFT_STANDARD_LIBRARIES = YES;
				CODE_SIGN_STYLE = Automatic;
				DEVELOPMENT_TEAM = UL45NVW7V6;
				INFOPLIST_FILE = "Tests iOS/Info.plist";
				IPHONEOS_DEPLOYMENT_TARGET = 14.5;
				LD_RUNPATH_SEARCH_PATHS = (
					"$(inherited)",
					"@executable_path/Frameworks",
					"@loader_path/Frameworks",
				);
				PRODUCT_BUNDLE_IDENTIFIER = "app.mattgoodrich.Tests-iOS";
				PRODUCT_NAME = "$(TARGET_NAME)";
				SDKROOT = iphoneos;
				SWIFT_VERSION = 5.0;
				TARGETED_DEVICE_FAMILY = "1,2";
				TEST_TARGET_NAME = "BackGround (iOS)";
				VALIDATE_PRODUCT = YES;
			};
			name = Release;
		};
		B5A02E0D264DE02600F2A71C /* Debug */ = {
			isa = XCBuildConfiguration;
			buildSettings = {
				ALWAYS_EMBED_SWIFT_STANDARD_LIBRARIES = YES;
				CODE_SIGN_STYLE = Automatic;
				COMBINE_HIDPI_IMAGES = YES;
				DEVELOPMENT_TEAM = UL45NVW7V6;
				INFOPLIST_FILE = "Tests macOS/Info.plist";
				LD_RUNPATH_SEARCH_PATHS = (
					"$(inherited)",
					"@executable_path/../Frameworks",
					"@loader_path/../Frameworks",
				);
				MACOSX_DEPLOYMENT_TARGET = 11.2;
				PRODUCT_BUNDLE_IDENTIFIER = "app.mattgoodrich.Tests-macOS";
				PRODUCT_NAME = "$(TARGET_NAME)";
				SDKROOT = macosx;
				SWIFT_VERSION = 5.0;
				TEST_TARGET_NAME = "BackGround (macOS)";
			};
			name = Debug;
		};
		B5A02E0E264DE02600F2A71C /* Release */ = {
			isa = XCBuildConfiguration;
			buildSettings = {
				ALWAYS_EMBED_SWIFT_STANDARD_LIBRARIES = YES;
				CODE_SIGN_STYLE = Automatic;
				COMBINE_HIDPI_IMAGES = YES;
				DEVELOPMENT_TEAM = UL45NVW7V6;
				INFOPLIST_FILE = "Tests macOS/Info.plist";
				LD_RUNPATH_SEARCH_PATHS = (
					"$(inherited)",
					"@executable_path/../Frameworks",
					"@loader_path/../Frameworks",
				);
				MACOSX_DEPLOYMENT_TARGET = 11.2;
				PRODUCT_BUNDLE_IDENTIFIER = "app.mattgoodrich.Tests-macOS";
				PRODUCT_NAME = "$(TARGET_NAME)";
				SDKROOT = macosx;
				SWIFT_VERSION = 5.0;
				TEST_TARGET_NAME = "BackGround (macOS)";
			};
			name = Release;
		};
/* End XCBuildConfiguration section */

/* Begin XCConfigurationList section */
		B5A02DC9264DE02300F2A71C /* Build configuration list for PBXProject "BackGround" */ = {
			isa = XCConfigurationList;
			buildConfigurations = (
				B5A02E01264DE02600F2A71C /* Debug */,
				B5A02E02264DE02600F2A71C /* Release */,
			);
			defaultConfigurationIsVisible = 0;
			defaultConfigurationName = Release;
		};
		B5A02E03264DE02600F2A71C /* Build configuration list for PBXNativeTarget "BackGround (iOS)" */ = {
			isa = XCConfigurationList;
			buildConfigurations = (
				B5A02E04264DE02600F2A71C /* Debug */,
				B5A02E05264DE02600F2A71C /* Release */,
			);
			defaultConfigurationIsVisible = 0;
			defaultConfigurationName = Release;
		};
		B5A02E06264DE02600F2A71C /* Build configuration list for PBXNativeTarget "BackGround (macOS)" */ = {
			isa = XCConfigurationList;
			buildConfigurations = (
				B5A02E07264DE02600F2A71C /* Debug */,
				B5A02E08264DE02600F2A71C /* Release */,
			);
			defaultConfigurationIsVisible = 0;
			defaultConfigurationName = Release;
		};
		B5A02E09264DE02600F2A71C /* Build configuration list for PBXNativeTarget "Tests iOS" */ = {
			isa = XCConfigurationList;
			buildConfigurations = (
				B5A02E0A264DE02600F2A71C /* Debug */,
				B5A02E0B264DE02600F2A71C /* Release */,
			);
			defaultConfigurationIsVisible = 0;
			defaultConfigurationName = Release;
		};
		B5A02E0C264DE02600F2A71C /* Build configuration list for PBXNativeTarget "Tests macOS" */ = {
			isa = XCConfigurationList;
			buildConfigurations = (
				B5A02E0D264DE02600F2A71C /* Debug */,
				B5A02E0E264DE02600F2A71C /* Release */,
			);
			defaultConfigurationIsVisible = 0;
			defaultConfigurationName = Release;
		};
/* End XCConfigurationList section */

/* Begin XCVersionGroup section */
		B5A02DCB264DE02400F2A71C /* BackGround.xcdatamodeld */ = {
			isa = XCVersionGroup;
			children = (
				B5A02DCC264DE02400F2A71C /* Shared.xcdatamodel */,
			);
			currentVersion = B5A02DCC264DE02400F2A71C /* Shared.xcdatamodel */;
			path = BackGround.xcdatamodeld;
			sourceTree = "<group>";
			versionGroupType = wrapper.xcdatamodel;
		};
/* End XCVersionGroup section */
	};
	rootObject = B5A02DC6264DE02300F2A71C /* Project object */;
}
